github.com/phoenix2x/bot-test-dep-a v1.0.0 h1:nBrpxMnc7IoZwZgUYA8EGxZeJE4tSbzqk15l8vyLFVw=
github.com/phoenix2x/bot-test-dep-a v1.0.0/go.mod h1:mQbFeJO9AUQdmtT1aJpAuoocCqRMMyA3bgfVXV3kKgc=
github.com/phoenix2x/bot-test-dep-b v1.0.1 h1:wKD7EGE3wk8t0f6d1b9K+JHkMBvJUb20lscfGmT/ZAA=
github.com/phoenix2x/bot-test-dep-b v1.0.1/go.mod h1:LStobc2kDGkT+ua84RZimMHil97lbYFCTDexNXjlmf4=
