github.com/phoenix2x/bot-test-dep-a v1.0.0 h1:nBrpxMnc7IoZwZgUYA8EGxZeJE4tSbzqk15l8vyLFVw=
github.com/phoenix2x/bot-test-dep-a v1.0.0/go.mod h1:mQbFeJO9AUQdmtT1aJpAuoocCqRMMyA3bgfVXV3kKgc=
github.com/phoenix2x/bot-test-dep-b v1.0.0 h1:d+ay8pb6t1exSogCeU3cqN0EkPree8UVRSgTnZamBfY=
github.com/phoenix2x/bot-test-dep-b v1.0.0/go.mod h1:LStobc2kDGkT+ua84RZimMHil97lbYFCTDexNXjlmf4=
