github.com/phoenix2x/bot-test-dep-a v1.0.2 h1:b9LP5gH69EJDA8jVTx5LFJWTJqJqoZLYJDJwsrROIsQ=
github.com/phoenix2x/bot-test-dep-a v1.0.2/go.mod h1:5WA2BaBpi8rpKKnu4q4rSF1g5o26Wj4pxQGPkF+6i9Y=
github.com/phoenix2x/bot-test-dep-b v1.0.1 h1:wKD7EGE3wk8t0f6d1b9K+JHkMBvJUb20lscfGmT/ZAA=
github.com/phoenix2x/bot-test-dep-b v1.0.1/go.mod h1:LStobc2kDGkT+ua84RZimMHil97lbYFCTDexNXjlmf4=
